langcode: en
status: true
dependencies:
  config:
  - views.view.content_views
  module:
  - views
  theme:
  - ucr_design_1
id: ucr_design_1_head_image_title_block
theme: ucr_design_1
region: hero_content
weight: 0
provider: null
plugin: 'views_block:content_views-content_head_image_title_block'
settings:
  id: 'views_block:content_views-content_head_image_title_block'
  label: ''
  provider: views
  label_display: '0'
  views_label: ''
  items_per_page: none
  context_mapping: {  }
visibility: {  }
